// !$*UTF8*$!
{
	archiveVersion = 1;
	classes = {
	};
	objectVersion = 46;
	objects = {

/* Begin PBXBuildFile section */
		E01AC9F21E119B3A00A97367 /* ResponsiveManager.m in Sources */ = {isa = PBXBuildFile; fileRef = E01AC9F11E119B3A00A97367 /* ResponsiveManager.m */; };
		E06A47431DF488A100115133 /* RCTResponsive.m in Sources */ = {isa = PBXBuildFile; fileRef = E06A47421DF488A100115133 /* RCTResponsive.m */; };
		E06A47441DF488A100115133 /* RCTResponsive.h in CopyFiles */ = {isa = PBXBuildFile; fileRef = E06A47411DF488A100115133 /* RCTResponsive.h */; };
/* End PBXBuildFile section */

/* Begin PBXCopyFilesBuildPhase section */
		E06A473C1DF488A100115133 /* CopyFiles */ = {
			isa = PBXCopyFilesBuildPhase;
			buildActionMask = 2147483647;
			dstPath = "include/$(PRODUCT_NAME)";
			dstSubfolderSpec = 16;
			files = (
				E06A47441DF488A100115133 /* RCTResponsive.h in CopyFiles */,
			);
			runOnlyForDeploymentPostprocessing = 0;
		};
/* End PBXCopyFilesBuildPhase section */

/* Begin PBXFileReference section */
		E01AC9F01E119B3A00A97367 /* ResponsiveManager.h */ = {isa = PBXFileReference; fileEncoding = 4; lastKnownFileType = sourcecode.c.h; path = ResponsiveManager.h; sourceTree = "<group>"; };
		E01AC9F11E119B3A00A97367 /* ResponsiveManager.m */ = {isa = PBXFileReference; fileEncoding = 4; lastKnownFileType = sourcecode.c.objc; path = ResponsiveManager.m; sourceTree = "<group>"; };
		E06A473E1DF488A100115133 /* libRCTResponsive.a */ = {isa = PBXFileReference; explicitFileType = archive.ar; includeInIndex = 0; path = libRCTResponsive.a; sourceTree = BUILT_PRODUCTS_DIR; };
		E06A47411DF488A100115133 /* RCTResponsive.h */ = {isa = PBXFileReference; lastKnownFileType = sourcecode.c.h; path = RCTResponsive.h; sourceTree = "<group>"; };
		E06A47421DF488A100115133 /* RCTResponsive.m */ = {isa = PBXFileReference; lastKnownFileType = sourcecode.c.objc; path = RCTResponsive.m; sourceTree = "<group>"; };
/* End PBXFileReference section */

/* Begin PBXFrameworksBuildPhase section */
		E06A473B1DF488A100115133 /* Frameworks */ = {
			isa = PBXFrameworksBuildPhase;
			buildActionMask = 2147483647;
			files = (
			);
			runOnlyForDeploymentPostprocessing = 0;
		};
/* End PBXFrameworksBuildPhase section */

/* Begin PBXGroup section */
		E06A47351DF488A100115133 = {
			isa = PBXGroup;
			children = (
				E06A47401DF488A100115133 /* RCTResponsive */,
				E06A473F1DF488A100115133 /* Products */,
			);
			sourceTree = "<group>";
		};
		E06A473F1DF488A100115133 /* Products */ = {
			isa = PBXGroup;
			children = (
				E06A473E1DF488A100115133 /* libRCTResponsive.a */,
			);
			name = Products;
			sourceTree = "<group>";
		};
		E06A47401DF488A100115133 /* RCTResponsive */ = {
			isa = PBXGroup;
			children = (
				E01AC9F11E119B3A00A97367 /* ResponsiveManager.m */,
				E01AC9F01E119B3A00A97367 /* ResponsiveManager.h */,
				E06A47411DF488A100115133 /* RCTResponsive.h */,
				E06A47421DF488A100115133 /* RCTResponsive.m */,
			);
			path = RCTResponsive;
			sourceTree = "<group>";
		};
/* End PBXGroup section */

/* Begin PBXNativeTarget section */
		E06A473D1DF488A100115133 /* RCTResponsive */ = {
			isa = PBXNativeTarget;
			buildConfigurationList = E06A47471DF488A100115133 /* Build configuration list for PBXNativeTarget "RCTResponsive" */;
			buildPhases = (
				E06A473A1DF488A100115133 /* Sources */,
				E06A473B1DF488A100115133 /* Frameworks */,
				E06A473C1DF488A100115133 /* CopyFiles */,
			);
			buildRules = (
			);
			dependencies = (
			);
			name = RCTResponsive;
			productName = RCTResponsive;
			productReference = E06A473E1DF488A100115133 /* libRCTResponsive.a */;
			productType = "com.apple.product-type.library.static";
		};
/* End PBXNativeTarget section */

/* Begin PBXProject section */
		E06A47361DF488A100115133 /* Project object */ = {
			isa = PBXProject;
			attributes = {
				LastUpgradeCheck = 0810;
				ORGANIZATIONNAME = "Ayoub ADIB";
				TargetAttributes = {
					E06A473D1DF488A100115133 = {
						CreatedOnToolsVersion = 8.1;
						ProvisioningStyle = Automatic;
					};
				};
			};
			buildConfigurationList = E06A47391DF488A100115133 /* Build configuration list for PBXProject "RCTResponsive" */;
			compatibilityVersion = "Xcode 3.2";
			developmentRegion = English;
			hasScannedForEncodings = 0;
			knownRegions = (
				en,
			);
			mainGroup = E06A47351DF488A100115133;
			productRefGroup = E06A473F1DF488A100115133 /* Products */;
			projectDirPath = "";
			projectRoot = "";
			targets = (
				E06A473D1DF488A100115133 /* RCTResponsive */,
			);
		};
/* End PBXProject section */

/* Begin PBXSourcesBuildPhase section */
		E06A473A1DF488A100115133 /* Sources */ = {
			isa = PBXSourcesBuildPhase;
			buildActionMask = 2147483647;
			files = (
				E06A47431DF488A100115133 /* RCTResponsive.m in Sources */,
				E01AC9F21E119B3A00A97367 /* ResponsiveManager.m in Sources */,
			);
			runOnlyForDeploymentPostprocessing = 0;
		};
/* End PBXSourcesBuildPhase section */

/* Begin XCBuildConfiguration section */
		E06A47451DF488A100115133 /* Debug */ = {
			isa = XCBuildConfiguration;
			buildSettings = {
				ALWAYS_SEARCH_USER_PATHS = NO;
				CLANG_ANALYZER_NONNULL = YES;
				CLANG_CXX_LANGUAGE_STANDARD = "gnu++0x";
				CLANG_CXX_LIBRARY = "libc++";
				CLANG_ENABLE_MODULES = YES;
				CLANG_ENABLE_OBJC_ARC = YES;
				CLANG_WARN_BOOL_CONVERSION = YES;
				CLANG_WARN_CONSTANT_CONVERSION = YES;
				CLANG_WARN_DIRECT_OBJC_ISA_USAGE = YES_ERROR;
				CLANG_WARN_DOCUMENTATION_COMMENTS = YES;
				CLANG_WARN_EMPTY_BODY = YES;
				CLANG_WARN_ENUM_CONVERSION = YES;
				CLANG_WARN_INFINITE_RECURSION = YES;
				CLANG_WARN_INT_CONVERSION = YES;
				CLANG_WARN_OBJC_ROOT_CLASS = YES_ERROR;
				CLANG_WARN_SUSPICIOUS_MOVES = YES;
				CLANG_WARN_UNREACHABLE_CODE = YES;
				CLANG_WARN__DUPLICATE_METHOD_MATCH = YES;
				"CODE_SIGN_IDENTITY[sdk=iphoneos*]" = "iPhone Developer";
				COPY_PHASE_STRIP = NO;
				DEBUG_INFORMATION_FORMAT = dwarf;
				ENABLE_STRICT_OBJC_MSGSEND = YES;
				ENABLE_TESTABILITY = YES;
				GCC_C_LANGUAGE_STANDARD = gnu99;
				GCC_DYNAMIC_NO_PIC = NO;
				GCC_NO_COMMON_BLOCKS = YES;
				GCC_OPTIMIZATION_LEVEL = 0;
				GCC_PREPROCESSOR_DEFINITIONS = (
					"DEBUG=1",
					"$(inherited)",
				);
				GCC_WARN_64_TO_32_BIT_CONVERSION = YES;
				GCC_WARN_ABOUT_RETURN_TYPE = YES_ERROR;
				GCC_WARN_UNDECLARED_SELECTOR = YES;
				GCC_WARN_UNINITIALIZED_AUTOS = YES_AGGRESSIVE;
				GCC_WARN_UNUSED_FUNCTION = YES;
				GCC_WARN_UNUSED_VARIABLE = YES;
				IPHONEOS_DEPLOYMENT_TARGET = 10.1;
				MTL_ENABLE_DEBUG_INFO = YES;
				ONLY_ACTIVE_ARCH = YES;
				SDKROOT = iphoneos;
			};
			name = Debug;
		};
		E06A47461DF488A100115133 /* Release */ = {
			isa = XCBuildConfiguration;
			buildSettings = {
				ALWAYS_SEARCH_USER_PATHS = NO;
				CLANG_ANALYZER_NONNULL = YES;
				CLANG_CXX_LANGUAGE_STANDARD = "gnu++0x";
				CLANG_CXX_LIBRARY = "libc++";
				CLANG_ENABLE_MODULES = YES;
				CLANG_ENABLE_OBJC_ARC = YES;
				CLANG_WARN_BOOL_CONVERSION = YES;
				CLANG_WARN_CONSTANT_CONVERSION = YES;
				CLANG_WARN_DIRECT_OBJC_ISA_USAGE = YES_ERROR;
				CLANG_WARN_DOCUMENTATION_COMMENTS = YES;
				CLANG_WARN_EMPTY_BODY = YES;
				CLANG_WARN_ENUM_CONVERSION = YES;
				CLANG_WARN_INFINITE_RECURSION = YES;
				CLANG_WARN_INT_CONVERSION = YES;
				CLANG_WARN_OBJC_ROOT_CLASS = YES_ERROR;
				CLANG_WARN_SUSPICIOUS_MOVES = YES;
				CLANG_WARN_UNREACHABLE_CODE = YES;
				CLANG_WARN__DUPLICATE_METHOD_MATCH = YES;
				"CODE_SIGN_IDENTITY[sdk=iphoneos*]" = "iPhone Developer";
				COPY_PHASE_STRIP = NO;
				DEBUG_INFORMATION_FORMAT = "dwarf-with-dsym";
				ENABLE_NS_ASSERTIONS = NO;
				ENABLE_STRICT_OBJC_MSGSEND = YES;
				GCC_C_LANGUAGE_STANDARD = gnu99;
				GCC_NO_COMMON_BLOCKS = YES;
				GCC_WARN_64_TO_32_BIT_CONVERSION = YES;
				GCC_WARN_ABOUT_RETURN_TYPE = YES_ERROR;
				GCC_WARN_UNDECLARED_SELECTOR = YES;
				GCC_WARN_UNINITIALIZED_AUTOS = YES_AGGRESSIVE;
				GCC_WARN_UNUSED_FUNCTION = YES;
				GCC_WARN_UNUSED_VARIABLE = YES;
				IPHONEOS_DEPLOYMENT_TARGET = 10.1;
				MTL_ENABLE_DEBUG_INFO = NO;
				SDKROOT = iphoneos;
				VALIDATE_PRODUCT = YES;
			};
			name = Release;
		};
		E06A47481DF488A100115133 /* Debug */ = {
			isa = XCBuildConfiguration;
			buildSettings = {
				HEADER_SEARCH_PATHS = (
					"$(SRCROOT)/../../../react-native/React/**",
					"$(SRCROOT)/../../../react-native/ReactCommon/**",
				);
				OTHER_LDFLAGS = "-ObjC";
				PRODUCT_NAME = "$(TARGET_NAME)";
				SKIP_INSTALL = YES;
			};
			name = Debug;
		};
		E06A47491DF488A100115133 /* Release */ = {
			isa = XCBuildConfiguration;
			buildSettings = {
				HEADER_SEARCH_PATHS = (
					"$(SRCROOT)/../../../react-native/React/**",
					"$(SRCROOT)/../../../react-native/ReactCommon/**",
				);
				OTHER_LDFLAGS = "-ObjC";
				PRODUCT_NAME = "$(TARGET_NAME)";
				SKIP_INSTALL = YES;
			};
			name = Release;
		};
/* End XCBuildConfiguration section */

/* Begin XCConfigurationList section */
		E06A47391DF488A100115133 /* Build configuration list for PBXProject "RCTResponsive" */ = {
			isa = XCConfigurationList;
			buildConfigurations = (
				E06A47451DF488A100115133 /* Debug */,
				E06A47461DF488A100115133 /* Release */,
			);
			defaultConfigurationIsVisible = 0;
			defaultConfigurationName = Release;
		};
		E06A47471DF488A100115133 /* Build configuration list for PBXNativeTarget "RCTResponsive" */ = {
			isa = XCConfigurationList;
			buildConfigurations = (
				E06A47481DF488A100115133 /* Debug */,
				E06A47491DF488A100115133 /* Release */,
			);
			defaultConfigurationIsVisible = 0;
			defaultConfigurationName = Release;
		};
/* End XCConfigurationList section */
	};
	rootObject = E06A47361DF488A100115133 /* Project object */;
}
